
Microsoft Visual Studio Solution File, Format Version 12.00
# Visual Studio Version 17
VisualStudioVersion = 17.10.34804.81
MinimumVisualStudioVersion = 10.0.40219.1
Project("{FAE04EC0-301F-11D3-BF4B-00C04F79EFBC}") = "ConsoleApp2", "ConsoleApp2\ConsoleApp2.csproj", "{C9599133-1C23-4613-A86C-E4E495BF3C86}"
EndProject
Global
	GlobalSection(SolutionConfigurationPlatforms) = preSolution
		Debug|Any CPU = Debug|Any CPU
		Release|Any CPU = Release|Any CPU
	EndGlobalSection
	GlobalSection(ProjectConfigurationPlatforms) = postSolution
		{C9599133-1C23-4613-A86C-E4E495BF3C86}.Debug|Any CPU.ActiveCfg = Debug|Any CPU
		{C9599133-1C23-4613-A86C-E4E495BF3C86}.Debug|Any CPU.Build.0 = Debug|Any CPU
		{C9599133-1C23-4613-A86C-E4E495BF3C86}.Release|Any CPU.ActiveCfg = Release|Any CPU
		{C9599133-1C23-4613-A86C-E4E495BF3C86}.Release|Any CPU.Build.0 = Release|Any CPU
	EndGlobalSection
	GlobalSection(SolutionProperties) = preSolution
		HideSolutionNode = FALSE
	EndGlobalSection
	GlobalSection(ExtensibilityGlobals) = postSolution
		SolutionGuid = {F8882D77-A6A6-41EA-81F9-E9A299E949EA}
	EndGlobalSection
EndGlobal
